
Microsoft Visual Studio Solution File, Format Version 12.00
# Visual Studio Version 16
VisualStudioVersion = 16.0.29613.14
MinimumVisualStudioVersion = 10.0.40219.1
Project("{FAE04EC0-301F-11D3-BF4B-00C04F79EFBC}") = "StockScraper", "StockScraper.csproj", "{1299F418-E8B9-4D52-AB9F-A5869D62F7A4}"
EndProject
Global
	GlobalSection(SolutionConfigurationPlatforms) = preSolution
		Debug|Any CPU = Debug|Any CPU
		Release|Any CPU = Release|Any CPU
	EndGlobalSection
	GlobalSection(ProjectConfigurationPlatforms) = postSolution
		{1299F418-E8B9-4D52-AB9F-A5869D62F7A4}.Debug|Any CPU.ActiveCfg = Debug|Any CPU
		{1299F418-E8B9-4D52-AB9F-A5869D62F7A4}.Debug|Any CPU.Build.0 = Debug|Any CPU
		{1299F418-E8B9-4D52-AB9F-A5869D62F7A4}.Release|Any CPU.ActiveCfg = Release|Any CPU
		{1299F418-E8B9-4D52-AB9F-A5869D62F7A4}.Release|Any CPU.Build.0 = Release|Any CPU
	EndGlobalSection
	GlobalSection(SolutionProperties) = preSolution
		HideSolutionNode = FALSE
	EndGlobalSection
	GlobalSection(ExtensibilityGlobals) = postSolution
		SolutionGuid = {5055055F-3AF3-4637-B32B-A3F0F276EAB3}
	EndGlobalSection
EndGlobal
